
Microsoft Visual Studio Solution File, Format Version 12.00
# Visual Studio Version 17
VisualStudioVersion = 17.4.33205.214
MinimumVisualStudioVersion = 10.0.40219.1
Project("{FAE04EC0-301F-11D3-BF4B-00C04F79EFBC}") = "CursoCSharp8", "CursoCSharp8\CursoCSharp8.csproj", "{131E645A-B787-4D88-959A-AFF16C5BF031}"
EndProject
Global
	GlobalSection(SolutionConfigurationPlatforms) = preSolution
		Debug|Any CPU = Debug|Any CPU
		Release|Any CPU = Release|Any CPU
	EndGlobalSection
	GlobalSection(ProjectConfigurationPlatforms) = postSolution
		{131E645A-B787-4D88-959A-AFF16C5BF031}.Debug|Any CPU.ActiveCfg = Debug|Any CPU
		{131E645A-B787-4D88-959A-AFF16C5BF031}.Debug|Any CPU.Build.0 = Debug|Any CPU
		{131E645A-B787-4D88-959A-AFF16C5BF031}.Release|Any CPU.ActiveCfg = Release|Any CPU
		{131E645A-B787-4D88-959A-AFF16C5BF031}.Release|Any CPU.Build.0 = Release|Any CPU
	EndGlobalSection
	GlobalSection(SolutionProperties) = preSolution
		HideSolutionNode = FALSE
	EndGlobalSection
	GlobalSection(ExtensibilityGlobals) = postSolution
		SolutionGuid = {7D75A1C8-CD25-4D13-B7D5-34FF4E930917}
	EndGlobalSection
EndGlobal
